
Microsoft Visual Studio Solution File, Format Version 12.00
# Visual Studio Version 16
VisualStudioVersion = 16.0.28803.452
MinimumVisualStudioVersion = 10.0.40219.1
Project("{FAE04EC0-301F-11D3-BF4B-00C04F79EFBC}") = "Takarakuji", "Takarakuji\Takarakuji.csproj", "{9352E4EE-9161-435F-AE18-119EE8D140AA}"
EndProject
Global
	GlobalSection(SolutionConfigurationPlatforms) = preSolution
		Debug|Any CPU = Debug|Any CPU
		Release|Any CPU = Release|Any CPU
	EndGlobalSection
	GlobalSection(ProjectConfigurationPlatforms) = postSolution
		{9352E4EE-9161-435F-AE18-119EE8D140AA}.Debug|Any CPU.ActiveCfg = Debug|Any CPU
		{9352E4EE-9161-435F-AE18-119EE8D140AA}.Debug|Any CPU.Build.0 = Debug|Any CPU
		{9352E4EE-9161-435F-AE18-119EE8D140AA}.Release|Any CPU.ActiveCfg = Release|Any CPU
		{9352E4EE-9161-435F-AE18-119EE8D140AA}.Release|Any CPU.Build.0 = Release|Any CPU
	EndGlobalSection
	GlobalSection(SolutionProperties) = preSolution
		HideSolutionNode = FALSE
	EndGlobalSection
	GlobalSection(ExtensibilityGlobals) = postSolution
		SolutionGuid = {EF414717-EF1F-466E-9432-FED7C72CDECD}
	EndGlobalSection
EndGlobal
